
Microsoft Visual Studio Solution File, Format Version 12.00
# Visual Studio Version 16
VisualStudioVersion = 25.0.1706.12
MinimumVisualStudioVersion = 10.0.40219.1
Project("{FAE04EC0-301F-11D3-BF4B-00C04F79EFBC}") = "ExcelWebApp", "ExcelWebApp\ExcelWebApp.csproj", "{1DF065B0-D393-477E-A9E6-41A60B4BC64D}"
EndProject
Global
	GlobalSection(SolutionConfigurationPlatforms) = preSolution
		Debug|Any CPU = Debug|Any CPU
		Release|Any CPU = Release|Any CPU
	EndGlobalSection
	GlobalSection(ProjectConfigurationPlatforms) = postSolution
		{1DF065B0-D393-477E-A9E6-41A60B4BC64D}.Debug|Any CPU.ActiveCfg = Debug|Any CPU
		{1DF065B0-D393-477E-A9E6-41A60B4BC64D}.Debug|Any CPU.Build.0 = Debug|Any CPU
		{1DF065B0-D393-477E-A9E6-41A60B4BC64D}.Release|Any CPU.ActiveCfg = Release|Any CPU
		{1DF065B0-D393-477E-A9E6-41A60B4BC64D}.Release|Any CPU.Build.0 = Release|Any CPU
	EndGlobalSection
	GlobalSection(SolutionProperties) = preSolution
		HideSolutionNode = FALSE
	EndGlobalSection
	GlobalSection(ExtensibilityGlobals) = postSolution
		SolutionGuid = {61795058-7DCF-4669-93E7-5C28AEFFDEA9}
	EndGlobalSection
EndGlobal
